dependencies:
- name: common
  repository: https://charts.bitnami.com/bitnami
  version: 2.2.2
- name: flux2
  repository: https://fluxcd-community.github.io/helm-charts
  version: 2.5.0
digest: sha256:64a9e78920aa31fb0ea7d1390025b43407e3a5087335c97aec28552e6d4d21d3
generated: "2023-01-23T11:41:49.862777799Z"
