dependencies:
- name: common
  repository: oci://ghcr.io/teutonet/teutonet-helm-charts
  version: 1.2.1
- name: postgresql
  repository: oci://registry-1.docker.io/bitnamicharts
  version: 18.1.14
- name: valkey
  repository: oci://registry-1.docker.io/cloudpirates
  version: 0.8.0
- name: solr
  repository: oci://registry-1.docker.io/bitnamicharts
  version: 9.6.5
digest: sha256:8e2fc348e095f2a422804143dbad4423c00ee9e5283fb043abdfb1cd976cb8b5
generated: "2025-12-13T21:29:11.663625823Z"
