dependencies:
- name: common
  repository: oci://ghcr.io/teutonet/teutonet-helm-charts
  version: 1.2.1
- name: postgresql
  repository: oci://registry-1.docker.io/bitnamicharts
  version: 15.5.38
- name: valkey
  repository: oci://registry-1.docker.io/cloudpirates
  version: 0.20.1
- name: solr
  repository: oci://registry-1.docker.io/bitnamicharts
  version: 9.6.5
digest: sha256:a9d0568ff721f6a989c615f88a60939e7a794792a24dd649ab3434919e65c09f
generated: "2026-05-06T10:41:39.271702746Z"
