dependencies:
- name: common
  repository: oci://ghcr.io/teutonet/teutonet-helm-charts
  version: 1.2.1
- name: postgresql
  repository: oci://registry-1.docker.io/bitnamicharts
  version: 16.7.26
- name: valkey
  repository: oci://registry-1.docker.io/bitnamicharts
  version: 3.0.16
- name: solr
  repository: oci://registry-1.docker.io/bitnamicharts
  version: 9.6.5
digest: sha256:a107dfb9e37167a1b9b07c3969b38180a8bf28673cee941e68c4871670b31c29
generated: "2025-08-15T14:09:13.652183907Z"
